// !$*UTF8*$!
{
	archiveVersion = 1;
	classes = {
	};
	objectVersion = 51;
	objects = {

/* Begin PBXBuildFile section */
		A8F27DE477A979861823B95C /* Pods_InstagramTake5.framework in Frameworks */ = {isa = PBXBuildFile; fileRef = EBA62EEB2268C63938DCBF7A /* Pods_InstagramTake5.framework */; };
		F6CB763E239D03A10043E775 /* AppDelegate.swift in Sources */ = {isa = PBXBuildFile; fileRef = F6CB763D239D03A10043E775 /* AppDelegate.swift */; };
		F6CB7640239D03A10043E775 /* ViewController.swift in Sources */ = {isa = PBXBuildFile; fileRef = F6CB763F239D03A10043E775 /* ViewController.swift */; };
		F6CB7643239D03A10043E775 /* Main.storyboard in Resources */ = {isa = PBXBuildFile; fileRef = F6CB7641239D03A10043E775 /* Main.storyboard */; };
		F6CB7645239D03A10043E775 /* Assets.xcassets in Resources */ = {isa = PBXBuildFile; fileRef = F6CB7644239D03A10043E775 /* Assets.xcassets */; };
		F6CB7648239D03A10043E775 /* LaunchScreen.storyboard in Resources */ = {isa = PBXBuildFile; fileRef = F6CB7646239D03A10043E775 /* LaunchScreen.storyboard */; };
		F6CB7650239D06800043E775 /* LoginViewController.swift in Sources */ = {isa = PBXBuildFile; fileRef = F6CB764F239D06800043E775 /* LoginViewController.swift */; };
		F6CB7652239D06900043E775 /* HomeViewController.swift in Sources */ = {isa = PBXBuildFile; fileRef = F6CB7651239D06900043E775 /* HomeViewController.swift */; };
		F6CB7654239D06A30043E775 /* ImageSelectViewController.swift in Sources */ = {isa = PBXBuildFile; fileRef = F6CB7653239D06A30043E775 /* ImageSelectViewController.swift */; };
		F6CB7656239D06B50043E775 /* PostViewController.swift in Sources */ = {isa = PBXBuildFile; fileRef = F6CB7655239D06B50043E775 /* PostViewController.swift */; };
		F6CB7658239D06C50043E775 /* SettingViewController.swift in Sources */ = {isa = PBXBuildFile; fileRef = F6CB7657239D06C50043E775 /* SettingViewController.swift */; };
		F6CB765A239D09F00043E775 /* GoogleService-Info.plist in Resources */ = {isa = PBXBuildFile; fileRef = F6CB7659239D09F00043E775 /* GoogleService-Info.plist */; };
/* End PBXBuildFile section */

/* Begin PBXFileReference section */
		B64CF061FE50D1F1367D1EAF /* Pods-InstagramTake5.debug.xcconfig */ = {isa = PBXFileReference; includeInIndex = 1; lastKnownFileType = text.xcconfig; name = "Pods-InstagramTake5.debug.xcconfig"; path = "Target Support Files/Pods-InstagramTake5/Pods-InstagramTake5.debug.xcconfig"; sourceTree = "<group>"; };
		B9676916783399E3F5FA1936 /* Pods-InstagramTake5.release.xcconfig */ = {isa = PBXFileReference; includeInIndex = 1; lastKnownFileType = text.xcconfig; name = "Pods-InstagramTake5.release.xcconfig"; path = "Target Support Files/Pods-InstagramTake5/Pods-InstagramTake5.release.xcconfig"; sourceTree = "<group>"; };
		EBA62EEB2268C63938DCBF7A /* Pods_InstagramTake5.framework */ = {isa = PBXFileReference; explicitFileType = wrapper.framework; includeInIndex = 0; path = Pods_InstagramTake5.framework; sourceTree = BUILT_PRODUCTS_DIR; };
		F6CB763A239D03A10043E775 /* InstagramTake5.app */ = {isa = PBXFileReference; explicitFileType = wrapper.application; includeInIndex = 0; path = InstagramTake5.app; sourceTree = BUILT_PRODUCTS_DIR; };
		F6CB763D239D03A10043E775 /* AppDelegate.swift */ = {isa = PBXFileReference; lastKnownFileType = sourcecode.swift; path = AppDelegate.swift; sourceTree = "<group>"; };
		F6CB763F239D03A10043E775 /* ViewController.swift */ = {isa = PBXFileReference; lastKnownFileType = sourcecode.swift; path = ViewController.swift; sourceTree = "<group>"; };
		F6CB7642239D03A10043E775 /* Base */ = {isa = PBXFileReference; lastKnownFileType = file.storyboard; name = Base; path = Base.lproj/Main.storyboard; sourceTree = "<group>"; };
		F6CB7644239D03A10043E775 /* Assets.xcassets */ = {isa = PBXFileReference; lastKnownFileType = folder.assetcatalog; path = Assets.xcassets; sourceTree = "<group>"; };
		F6CB7647239D03A10043E775 /* Base */ = {isa = PBXFileReference; lastKnownFileType = file.storyboard; name = Base; path = Base.lproj/LaunchScreen.storyboard; sourceTree = "<group>"; };
		F6CB7649239D03A10043E775 /* Info.plist */ = {isa = PBXFileReference; lastKnownFileType = text.plist.xml; path = Info.plist; sourceTree = "<group>"; };
		F6CB764F239D06800043E775 /* LoginViewController.swift */ = {isa = PBXFileReference; lastKnownFileType = sourcecode.swift; path = LoginViewController.swift; sourceTree = "<group>"; };
		F6CB7651239D06900043E775 /* HomeViewController.swift */ = {isa = PBXFileReference; lastKnownFileType = sourcecode.swift; path = HomeViewController.swift; sourceTree = "<group>"; };
		F6CB7653239D06A30043E775 /* ImageSelectViewController.swift */ = {isa = PBXFileReference; lastKnownFileType = sourcecode.swift; path = ImageSelectViewController.swift; sourceTree = "<group>"; };
		F6CB7655239D06B50043E775 /* PostViewController.swift */ = {isa = PBXFileReference; lastKnownFileType = sourcecode.swift; path = PostViewController.swift; sourceTree = "<group>"; };
		F6CB7657239D06C50043E775 /* SettingViewController.swift */ = {isa = PBXFileReference; lastKnownFileType = sourcecode.swift; path = SettingViewController.swift; sourceTree = "<group>"; };
		F6CB7659239D09F00043E775 /* GoogleService-Info.plist */ = {isa = PBXFileReference; fileEncoding = 4; lastKnownFileType = text.plist.xml; path = "GoogleService-Info.plist"; sourceTree = "<group>"; };
/* End PBXFileReference section */

/* Begin PBXFrameworksBuildPhase section */
		F6CB7637239D03A10043E775 /* Frameworks */ = {
			isa = PBXFrameworksBuildPhase;
			buildActionMask = 2147483647;
			files = (
				A8F27DE477A979861823B95C /* Pods_InstagramTake5.framework in Frameworks */,
			);
			runOnlyForDeploymentPostprocessing = 0;
		};
/* End PBXFrameworksBuildPhase section */

/* Begin PBXGroup section */
		9C2B30382CE8715FB0FB520E /* Pods */ = {
			isa = PBXGroup;
			children = (
				B64CF061FE50D1F1367D1EAF /* Pods-InstagramTake5.debug.xcconfig */,
				B9676916783399E3F5FA1936 /* Pods-InstagramTake5.release.xcconfig */,
			);
			path = Pods;
			sourceTree = "<group>";
		};
		D3314984CD5C674472DD0AAB /* Frameworks */ = {
			isa = PBXGroup;
			children = (
				EBA62EEB2268C63938DCBF7A /* Pods_InstagramTake5.framework */,
			);
			name = Frameworks;
			sourceTree = "<group>";
		};
		F6CB7631239D03A10043E775 = {
			isa = PBXGroup;
			children = (
				F6CB7657239D06C50043E775 /* SettingViewController.swift */,
				F6CB7655239D06B50043E775 /* PostViewController.swift */,
				F6CB7653239D06A30043E775 /* ImageSelectViewController.swift */,
				F6CB7651239D06900043E775 /* HomeViewController.swift */,
				F6CB764F239D06800043E775 /* LoginViewController.swift */,
				F6CB763C239D03A10043E775 /* InstagramTake5 */,
				F6CB763B239D03A10043E775 /* Products */,
				9C2B30382CE8715FB0FB520E /* Pods */,
				D3314984CD5C674472DD0AAB /* Frameworks */,
			);
			sourceTree = "<group>";
		};
		F6CB763B239D03A10043E775 /* Products */ = {
			isa = PBXGroup;
			children = (
				F6CB763A239D03A10043E775 /* InstagramTake5.app */,
			);
			name = Products;
			sourceTree = "<group>";
		};
		F6CB763C239D03A10043E775 /* InstagramTake5 */ = {
			isa = PBXGroup;
			children = (
				F6CB763D239D03A10043E775 /* AppDelegate.swift */,
				F6CB763F239D03A10043E775 /* ViewController.swift */,
				F6CB7659239D09F00043E775 /* GoogleService-Info.plist */,
				F6CB7641239D03A10043E775 /* Main.storyboard */,
				F6CB7644239D03A10043E775 /* Assets.xcassets */,
				F6CB7646239D03A10043E775 /* LaunchScreen.storyboard */,
				F6CB7649239D03A10043E775 /* Info.plist */,
			);
			path = InstagramTake5;
			sourceTree = "<group>";
		};
/* End PBXGroup section */

/* Begin PBXNativeTarget section */
		F6CB7639239D03A10043E775 /* InstagramTake5 */ = {
			isa = PBXNativeTarget;
			buildConfigurationList = F6CB764C239D03A10043E775 /* Build configuration list for PBXNativeTarget "InstagramTake5" */;
			buildPhases = (
				4FE0C3D8DB3763E692F1CAC2 /* [CP] Check Pods Manifest.lock */,
				F6CB7636239D03A10043E775 /* Sources */,
				F6CB7637239D03A10043E775 /* Frameworks */,
				F6CB7638239D03A10043E775 /* Resources */,
				4741E46769CED09381A60C06 /* [CP] Embed Pods Frameworks */,
			);
			buildRules = (
			);
			dependencies = (
			);
			name = InstagramTake5;
			productName = InstagramTake5;
			productReference = F6CB763A239D03A10043E775 /* InstagramTake5.app */;
			productType = "com.apple.product-type.application";
		};
/* End PBXNativeTarget section */

/* Begin PBXProject section */
		F6CB7632239D03A10043E775 /* Project object */ = {
			isa = PBXProject;
			attributes = {
				LastSwiftUpdateCheck = 1020;
				LastUpgradeCheck = 1020;
				ORGANIZATIONNAME = hirotaka.kataoka;
				TargetAttributes = {
					F6CB7639239D03A10043E775 = {
						CreatedOnToolsVersion = 10.2.1;
					};
				};
			};
			buildConfigurationList = F6CB7635239D03A10043E775 /* Build configuration list for PBXProject "InstagramTake5" */;
			compatibilityVersion = "Xcode 9.3";
			developmentRegion = en;
			hasScannedForEncodings = 0;
			knownRegions = (
				en,
				Base,
			);
			mainGroup = F6CB7631239D03A10043E775;
			productRefGroup = F6CB763B239D03A10043E775 /* Products */;
			projectDirPath = "";
			projectRoot = "";
			targets = (
				F6CB7639239D03A10043E775 /* InstagramTake5 */,
			);
		};
/* End PBXProject section */

/* Begin PBXResourcesBuildPhase section */
		F6CB7638239D03A10043E775 /* Resources */ = {
			isa = PBXResourcesBuildPhase;
			buildActionMask = 2147483647;
			files = (
				F6CB7648239D03A10043E775 /* LaunchScreen.storyboard in Resources */,
				F6CB7645239D03A10043E775 /* Assets.xcassets in Resources */,
				F6CB7643239D03A10043E775 /* Main.storyboard in Resources */,
				F6CB765A239D09F00043E775 /* GoogleService-Info.plist in Resources */,
			);
			runOnlyForDeploymentPostprocessing = 0;
		};
/* End PBXResourcesBuildPhase section */

/* Begin PBXShellScriptBuildPhase section */
		4741E46769CED09381A60C06 /* [CP] Embed Pods Frameworks */ = {
			isa = PBXShellScriptBuildPhase;
			buildActionMask = 2147483647;
			files = (
			);
			inputFileListPaths = (
				"${PODS_ROOT}/Target Support Files/Pods-InstagramTake5/Pods-InstagramTake5-frameworks-${CONFIGURATION}-input-files.xcfilelist",
			);
			name = "[CP] Embed Pods Frameworks";
			outputFileListPaths = (
				"${PODS_ROOT}/Target Support Files/Pods-InstagramTake5/Pods-InstagramTake5-frameworks-${CONFIGURATION}-output-files.xcfilelist",
			);
			runOnlyForDeploymentPostprocessing = 0;
			shellPath = /bin/sh;
			shellScript = "\"${PODS_ROOT}/Target Support Files/Pods-InstagramTake5/Pods-InstagramTake5-frameworks.sh\"\n";
			showEnvVarsInLog = 0;
		};
		4FE0C3D8DB3763E692F1CAC2 /* [CP] Check Pods Manifest.lock */ = {
			isa = PBXShellScriptBuildPhase;
			buildActionMask = 2147483647;
			files = (
			);
			inputFileListPaths = (
			);
			inputPaths = (
				"${PODS_PODFILE_DIR_PATH}/Podfile.lock",
				"${PODS_ROOT}/Manifest.lock",
			);
			name = "[CP] Check Pods Manifest.lock";
			outputFileListPaths = (
			);
			outputPaths = (
				"$(DERIVED_FILE_DIR)/Pods-InstagramTake5-checkManifestLockResult.txt",
			);
			runOnlyForDeploymentPostprocessing = 0;
			shellPath = /bin/sh;
			shellScript = "diff \"${PODS_PODFILE_DIR_PATH}/Podfile.lock\" \"${PODS_ROOT}/Manifest.lock\" > /dev/null\nif [ $? != 0 ] ; then\n    # print error to STDERR\n    echo \"error: The sandbox is not in sync with the Podfile.lock. Run 'pod install' or update your CocoaPods installation.\" >&2\n    exit 1\nfi\n# This output is used by Xcode 'outputs' to avoid re-running this script phase.\necho \"SUCCESS\" > \"${SCRIPT_OUTPUT_FILE_0}\"\n";
			showEnvVarsInLog = 0;
		};
/* End PBXShellScriptBuildPhase section */

/* Begin PBXSourcesBuildPhase section */
		F6CB7636239D03A10043E775 /* Sources */ = {
			isa = PBXSourcesBuildPhase;
			buildActionMask = 2147483647;
			files = (
				F6CB7656239D06B50043E775 /* PostViewController.swift in Sources */,
				F6CB7650239D06800043E775 /* LoginViewController.swift in Sources */,
				F6CB7640239D03A10043E775 /* ViewController.swift in Sources */,
				F6CB763E239D03A10043E775 /* AppDelegate.swift in Sources */,
				F6CB7654239D06A30043E775 /* ImageSelectViewController.swift in Sources */,
				F6CB7658239D06C50043E775 /* SettingViewController.swift in Sources */,
				F6CB7652239D06900043E775 /* HomeViewController.swift in Sources */,
			);
			runOnlyForDeploymentPostprocessing = 0;
		};
/* End PBXSourcesBuildPhase section */

/* Begin PBXVariantGroup section */
		F6CB7641239D03A10043E775 /* Main.storyboard */ = {
			isa = PBXVariantGroup;
			children = (
				F6CB7642239D03A10043E775 /* Base */,
			);
			name = Main.storyboard;
			sourceTree = "<group>";
		};
		F6CB7646239D03A10043E775 /* LaunchScreen.storyboard */ = {
			isa = PBXVariantGroup;
			children = (
				F6CB7647239D03A10043E775 /* Base */,
			);
			name = LaunchScreen.storyboard;
			sourceTree = "<group>";
		};
/* End PBXVariantGroup section */

/* Begin XCBuildConfiguration section */
		F6CB764A239D03A10043E775 /* Debug */ = {
			isa = XCBuildConfiguration;
			buildSettings = {
				ALWAYS_SEARCH_USER_PATHS = NO;
				CLANG_ANALYZER_NONNULL = YES;
				CLANG_ANALYZER_NUMBER_OBJECT_CONVERSION = YES_AGGRESSIVE;
				CLANG_CXX_LANGUAGE_STANDARD = "gnu++14";
				CLANG_CXX_LIBRARY = "libc++";
				CLANG_ENABLE_MODULES = YES;
				CLANG_ENABLE_OBJC_ARC = YES;
				CLANG_ENABLE_OBJC_WEAK = YES;
				CLANG_WARN_BLOCK_CAPTURE_AUTORELEASING = YES;
				CLANG_WARN_BOOL_CONVERSION = YES;
				CLANG_WARN_COMMA = YES;
				CLANG_WARN_CONSTANT_CONVERSION = YES;
				CLANG_WARN_DEPRECATED_OBJC_IMPLEMENTATIONS = YES;
				CLANG_WARN_DIRECT_OBJC_ISA_USAGE = YES_ERROR;
				CLANG_WARN_DOCUMENTATION_COMMENTS = YES;
				CLANG_WARN_EMPTY_BODY = YES;
				CLANG_WARN_ENUM_CONVERSION = YES;
				CLANG_WARN_INFINITE_RECURSION = YES;
				CLANG_WARN_INT_CONVERSION = YES;
				CLANG_WARN_NON_LITERAL_NULL_CONVERSION = YES;
				CLANG_WARN_OBJC_IMPLICIT_RETAIN_SELF = YES;
				CLANG_WARN_OBJC_LITERAL_CONVERSION = YES;
				CLANG_WARN_OBJC_ROOT_CLASS = YES_ERROR;
				CLANG_WARN_RANGE_LOOP_ANALYSIS = YES;
				CLANG_WARN_STRICT_PROTOTYPES = YES;
				CLANG_WARN_SUSPICIOUS_MOVE = YES;
				CLANG_WARN_UNGUARDED_AVAILABILITY = YES_AGGRESSIVE;
				CLANG_WARN_UNREACHABLE_CODE = YES;
				CLANG_WARN__DUPLICATE_METHOD_MATCH = YES;
				CODE_SIGN_IDENTITY = "iPhone Developer";
				COPY_PHASE_STRIP = NO;
				DEBUG_INFORMATION_FORMAT = dwarf;
				ENABLE_STRICT_OBJC_MSGSEND = YES;
				ENABLE_TESTABILITY = YES;
				GCC_C_LANGUAGE_STANDARD = gnu11;
				GCC_DYNAMIC_NO_PIC = NO;
				GCC_NO_COMMON_BLOCKS = YES;
				GCC_OPTIMIZATION_LEVEL = 0;
				GCC_PREPROCESSOR_DEFINITIONS = (
					"DEBUG=1",
					"$(inherited)",
				);
				GCC_WARN_64_TO_32_BIT_CONVERSION = YES;
				GCC_WARN_ABOUT_RETURN_TYPE = YES_ERROR;
				GCC_WARN_UNDECLARED_SELECTOR = YES;
				GCC_WARN_UNINITIALIZED_AUTOS = YES_AGGRESSIVE;
				GCC_WARN_UNUSED_FUNCTION = YES;
				GCC_WARN_UNUSED_VARIABLE = YES;
				IPHONEOS_DEPLOYMENT_TARGET = 12.2;
				MTL_ENABLE_DEBUG_INFO = INCLUDE_SOURCE;
				MTL_FAST_MATH = YES;
				ONLY_ACTIVE_ARCH = YES;
				SDKROOT = iphoneos;
				SWIFT_ACTIVE_COMPILATION_CONDITIONS = DEBUG;
				SWIFT_OPTIMIZATION_LEVEL = "-Onone";
			};
			name = Debug;
		};
		F6CB764B239D03A10043E775 /* Release */ = {
			isa = XCBuildConfiguration;
			buildSettings = {
				ALWAYS_SEARCH_USER_PATHS = NO;
				CLANG_ANALYZER_NONNULL = YES;
				CLANG_ANALYZER_NUMBER_OBJECT_CONVERSION = YES_AGGRESSIVE;
				CLANG_CXX_LANGUAGE_STANDARD = "gnu++14";
				CLANG_CXX_LIBRARY = "libc++";
				CLANG_ENABLE_MODULES = YES;
				CLANG_ENABLE_OBJC_ARC = YES;
				CLANG_ENABLE_OBJC_WEAK = YES;
				CLANG_WARN_BLOCK_CAPTURE_AUTORELEASING = YES;
				CLANG_WARN_BOOL_CONVERSION = YES;
				CLANG_WARN_COMMA = YES;
				CLANG_WARN_CONSTANT_CONVERSION = YES;
				CLANG_WARN_DEPRECATED_OBJC_IMPLEMENTATIONS = YES;
				CLANG_WARN_DIRECT_OBJC_ISA_USAGE = YES_ERROR;
				CLANG_WARN_DOCUMENTATION_COMMENTS = YES;
				CLANG_WARN_EMPTY_BODY = YES;
				CLANG_WARN_ENUM_CONVERSION = YES;
				CLANG_WARN_INFINITE_RECURSION = YES;
				CLANG_WARN_INT_CONVERSION = YES;
				CLANG_WARN_NON_LITERAL_NULL_CONVERSION = YES;
				CLANG_WARN_OBJC_IMPLICIT_RETAIN_SELF = YES;
				CLANG_WARN_OBJC_LITERAL_CONVERSION = YES;
				CLANG_WARN_OBJC_ROOT_CLASS = YES_ERROR;
				CLANG_WARN_RANGE_LOOP_ANALYSIS = YES;
				CLANG_WARN_STRICT_PROTOTYPES = YES;
				CLANG_WARN_SUSPICIOUS_MOVE = YES;
				CLANG_WARN_UNGUARDED_AVAILABILITY = YES_AGGRESSIVE;
				CLANG_WARN_UNREACHABLE_CODE = YES;
				CLANG_WARN__DUPLICATE_METHOD_MATCH = YES;
				CODE_SIGN_IDENTITY = "iPhone Developer";
				COPY_PHASE_STRIP = NO;
				DEBUG_INFORMATION_FORMAT = "dwarf-with-dsym";
				ENABLE_NS_ASSERTIONS = NO;
				ENABLE_STRICT_OBJC_MSGSEND = YES;
				GCC_C_LANGUAGE_STANDARD = gnu11;
				GCC_NO_COMMON_BLOCKS = YES;
				GCC_WARN_64_TO_32_BIT_CONVERSION = YES;
				GCC_WARN_ABOUT_RETURN_TYPE = YES_ERROR;
				GCC_WARN_UNDECLARED_SELECTOR = YES;
				GCC_WARN_UNINITIALIZED_AUTOS = YES_AGGRESSIVE;
				GCC_WARN_UNUSED_FUNCTION = YES;
				GCC_WARN_UNUSED_VARIABLE = YES;
				IPHONEOS_DEPLOYMENT_TARGET = 12.2;
				MTL_ENABLE_DEBUG_INFO = NO;
				MTL_FAST_MATH = YES;
				SDKROOT = iphoneos;
				SWIFT_COMPILATION_MODE = wholemodule;
				SWIFT_OPTIMIZATION_LEVEL = "-O";
				VALIDATE_PRODUCT = YES;
			};
			name = Release;
		};
		F6CB764D239D03A10043E775 /* Debug */ = {
			isa = XCBuildConfiguration;
			baseConfigurationReference = B64CF061FE50D1F1367D1EAF /* Pods-InstagramTake5.debug.xcconfig */;
			buildSettings = {
				ASSETCATALOG_COMPILER_APPICON_NAME = AppIcon;
				CODE_SIGN_STYLE = Automatic;
				DEVELOPMENT_TEAM = 5C5S4KK7R4;
				INFOPLIST_FILE = InstagramTake5/Info.plist;
				LD_RUNPATH_SEARCH_PATHS = (
					"$(inherited)",
					"@executable_path/Frameworks",
				);
				PRODUCT_BUNDLE_IDENTIFIER = jp.techacademy.hirotaka.kataoka.InstagramTake5;
				PRODUCT_NAME = "$(TARGET_NAME)";
				SWIFT_VERSION = 5.0;
				TARGETED_DEVICE_FAMILY = 1;
			};
			name = Debug;
		};
		F6CB764E239D03A10043E775 /* Release */ = {
			isa = XCBuildConfiguration;
			baseConfigurationReference = B9676916783399E3F5FA1936 /* Pods-InstagramTake5.release.xcconfig */;
			buildSettings = {
				ASSETCATALOG_COMPILER_APPICON_NAME = AppIcon;
				CODE_SIGN_STYLE = Automatic;
				DEVELOPMENT_TEAM = 5C5S4KK7R4;
				INFOPLIST_FILE = InstagramTake5/Info.plist;
				LD_RUNPATH_SEARCH_PATHS = (
					"$(inherited)",
					"@executable_path/Frameworks",
				);
				PRODUCT_BUNDLE_IDENTIFIER = jp.techacademy.hirotaka.kataoka.InstagramTake5;
				PRODUCT_NAME = "$(TARGET_NAME)";
				SWIFT_VERSION = 5.0;
				TARGETED_DEVICE_FAMILY = 1;
			};
			name = Release;
		};
/* End XCBuildConfiguration section */

/* Begin XCConfigurationList section */
		F6CB7635239D03A10043E775 /* Build configuration list for PBXProject "InstagramTake5" */ = {
			isa = XCConfigurationList;
			buildConfigurations = (
				F6CB764A239D03A10043E775 /* Debug */,
				F6CB764B239D03A10043E775 /* Release */,
			);
			defaultConfigurationIsVisible = 0;
			defaultConfigurationName = Release;
		};
		F6CB764C239D03A10043E775 /* Build configuration list for PBXNativeTarget "InstagramTake5" */ = {
			isa = XCConfigurationList;
			buildConfigurations = (
				F6CB764D239D03A10043E775 /* Debug */,
				F6CB764E239D03A10043E775 /* Release */,
			);
			defaultConfigurationIsVisible = 0;
			defaultConfigurationName = Release;
		};
/* End XCConfigurationList section */
	};
	rootObject = F6CB7632239D03A10043E775 /* Project object */;
}
